
Microsoft Visual Studio Solution File, Format Version 12.00
# Visual Studio Version 17
VisualStudioVersion = 17.3.32825.248
MinimumVisualStudioVersion = 10.0.40219.1
Project("{FAE04EC0-301F-11D3-BF4B-00C04F79EFBC}") = "SimphonyHelpPortal", "SimphonyHelpPortal\SimphonyHelpPortal.csproj", "{886E508E-616E-4AAA-9EA6-3019F77D8A31}"
EndProject
Global
	GlobalSection(SolutionConfigurationPlatforms) = preSolution
		Debug|Any CPU = Debug|Any CPU
		Release|Any CPU = Release|Any CPU
	EndGlobalSection
	GlobalSection(ProjectConfigurationPlatforms) = postSolution
		{886E508E-616E-4AAA-9EA6-3019F77D8A31}.Debug|Any CPU.ActiveCfg = Debug|Any CPU
		{886E508E-616E-4AAA-9EA6-3019F77D8A31}.Debug|Any CPU.Build.0 = Debug|Any CPU
		{886E508E-616E-4AAA-9EA6-3019F77D8A31}.Release|Any CPU.ActiveCfg = Release|Any CPU
		{886E508E-616E-4AAA-9EA6-3019F77D8A31}.Release|Any CPU.Build.0 = Release|Any CPU
	EndGlobalSection
	GlobalSection(SolutionProperties) = preSolution
		HideSolutionNode = FALSE
	EndGlobalSection
	GlobalSection(ExtensibilityGlobals) = postSolution
		SolutionGuid = {92DD31BE-DFC0-4526-8E76-98A11FD19A80}
	EndGlobalSection
EndGlobal
